
Microsoft Visual Studio Solution File, Format Version 12.00
Project("{FAE04EC0-301F-11D3-BF4B-00C04F79EFBC}") = "DrawGheterInfrastructure", "DrawGheterInfrastructure\DrawGheterInfrastructure.csproj", "{0450764C-BF27-475D-BB19-38C6FF5C306E}"
EndProject
Project("{2150E333-8FDC-42A3-9474-1A3956D46DE8}") = "Solution Items", "Solution Items", "{CC30DCF9-4266-4058-87B8-D5AAF43D9D83}"
	ProjectSection(SolutionItems) = preProject
		compose.yaml = compose.yaml
	EndProjectSection
EndProject
Global
	GlobalSection(SolutionConfigurationPlatforms) = preSolution
		Debug|Any CPU = Debug|Any CPU
		Release|Any CPU = Release|Any CPU
	EndGlobalSection
	GlobalSection(ProjectConfigurationPlatforms) = postSolution
		{0450764C-BF27-475D-BB19-38C6FF5C306E}.Debug|Any CPU.ActiveCfg = Debug|Any CPU
		{0450764C-BF27-475D-BB19-38C6FF5C306E}.Debug|Any CPU.Build.0 = Debug|Any CPU
		{0450764C-BF27-475D-BB19-38C6FF5C306E}.Release|Any CPU.ActiveCfg = Release|Any CPU
		{0450764C-BF27-475D-BB19-38C6FF5C306E}.Release|Any CPU.Build.0 = Release|Any CPU
	EndGlobalSection
EndGlobal
